{
  "name": "New folder (2)",
  "lockfileVersion": 3,
  "requires": true,
  "packages": {
    "": {
      "dependencies": {
        "password_strength_check2025": "^1.0.0"
      }
    },
    "node_modules/password_strength_check2025": {
      "version": "1.0.0",
      "resolved": "https://registry.npmjs.org/password_strength_check2025/-/password_strength_check2025-1.0.0.tgz",
      "integrity": "sha512-Z3c0R7G5P/pFyiWdI9lvBd3zoNA9VosQGpr1oYcydVymWqY5/Y0vPVXV/gYjQQ/0AArEJv4uWw6/qXhmbD1PuA==",
      "license": "ISC"
    }
  }
}
